
Microsoft Visual Studio Solution File, Format Version 12.00
# Visual Studio Version 17
VisualStudioVersion = 17.10.35027.167
MinimumVisualStudioVersion = 10.0.40219.1
Project("{9A19103F-16F7-4668-BE54-9A1E7A4F7556}") = "RelayPublishClient", "RelayPublishClient\RelayPublishClient.csproj", "{143C78DC-B7BE-49A6-8C07-2A657580039E}"
EndProject
Project("{9A19103F-16F7-4668-BE54-9A1E7A4F7556}") = "CommonModels", "..\CommonModels\CommonModels\CommonModels.csproj", "{04223169-E74E-4DEF-AFCA-2877EB2C1DBB}"
EndProject
Global
	GlobalSection(SolutionConfigurationPlatforms) = preSolution
		Debug|Any CPU = Debug|Any CPU
		Release|Any CPU = Release|Any CPU
	EndGlobalSection
	GlobalSection(ProjectConfigurationPlatforms) = postSolution
		{143C78DC-B7BE-49A6-8C07-2A657580039E}.Debug|Any CPU.ActiveCfg = Debug|Any CPU
		{143C78DC-B7BE-49A6-8C07-2A657580039E}.Debug|Any CPU.Build.0 = Debug|Any CPU
		{143C78DC-B7BE-49A6-8C07-2A657580039E}.Release|Any CPU.ActiveCfg = Release|Any CPU
		{143C78DC-B7BE-49A6-8C07-2A657580039E}.Release|Any CPU.Build.0 = Release|Any CPU
		{04223169-E74E-4DEF-AFCA-2877EB2C1DBB}.Debug|Any CPU.ActiveCfg = Debug|Any CPU
		{04223169-E74E-4DEF-AFCA-2877EB2C1DBB}.Debug|Any CPU.Build.0 = Debug|Any CPU
		{04223169-E74E-4DEF-AFCA-2877EB2C1DBB}.Release|Any CPU.ActiveCfg = Release|Any CPU
		{04223169-E74E-4DEF-AFCA-2877EB2C1DBB}.Release|Any CPU.Build.0 = Release|Any CPU
	EndGlobalSection
	GlobalSection(SolutionProperties) = preSolution
		HideSolutionNode = FALSE
	EndGlobalSection
	GlobalSection(ExtensibilityGlobals) = postSolution
		SolutionGuid = {3D076C26-66E5-45D1-8BFB-20739BEE5187}
	EndGlobalSection
EndGlobal
