
Microsoft Visual Studio Solution File, Format Version 12.00
# Visual Studio Version 17
VisualStudioVersion = 17.10.35004.147
MinimumVisualStudioVersion = 10.0.40219.1
Project("{9A19103F-16F7-4668-BE54-9A1E7A4F7556}") = "ProcConfigBuilder", "ProcConfigBuilder\ProcConfigBuilder.csproj", "{9875C891-CC18-4039-968D-29A20DE49DA9}"
EndProject
Project("{9A19103F-16F7-4668-BE54-9A1E7A4F7556}") = "CommonModels", "..\CommonModels\CommonModels\CommonModels.csproj", "{0A7902CA-9D6F-4F1A-888F-7F4C1CC8F2F8}"
EndProject
Project("{9A19103F-16F7-4668-BE54-9A1E7A4F7556}") = "EventGridPublishClient", "..\EventGridPublishClient\EventGridPublishClient\EventGridPublishClient.csproj", "{6CBA747E-9CC0-4A59-B63C-A71D890002B1}"
EndProject
Project("{9A19103F-16F7-4668-BE54-9A1E7A4F7556}") = "RepositoryClient", "..\RepositoryClient\RepositoryClient\RepositoryClient.csproj", "{854F3697-7B56-47A8-8384-76A7AC34950E}"
EndProject
Project("{9A19103F-16F7-4668-BE54-9A1E7A4F7556}") = "WebHookAbstraction", "..\WebHookAbstraction\WebHookAbstraction\WebHookAbstraction.csproj", "{5FAD5B6A-1B8F-4C45-994B-1A03204C72A7}"
EndProject
Global
	GlobalSection(SolutionConfigurationPlatforms) = preSolution
		Debug|Any CPU = Debug|Any CPU
		Release|Any CPU = Release|Any CPU
	EndGlobalSection
	GlobalSection(ProjectConfigurationPlatforms) = postSolution
		{9875C891-CC18-4039-968D-29A20DE49DA9}.Debug|Any CPU.ActiveCfg = Debug|Any CPU
		{9875C891-CC18-4039-968D-29A20DE49DA9}.Debug|Any CPU.Build.0 = Debug|Any CPU
		{9875C891-CC18-4039-968D-29A20DE49DA9}.Release|Any CPU.ActiveCfg = Release|Any CPU
		{9875C891-CC18-4039-968D-29A20DE49DA9}.Release|Any CPU.Build.0 = Release|Any CPU
		{0A7902CA-9D6F-4F1A-888F-7F4C1CC8F2F8}.Debug|Any CPU.ActiveCfg = Debug|Any CPU
		{0A7902CA-9D6F-4F1A-888F-7F4C1CC8F2F8}.Debug|Any CPU.Build.0 = Debug|Any CPU
		{0A7902CA-9D6F-4F1A-888F-7F4C1CC8F2F8}.Release|Any CPU.ActiveCfg = Release|Any CPU
		{0A7902CA-9D6F-4F1A-888F-7F4C1CC8F2F8}.Release|Any CPU.Build.0 = Release|Any CPU
		{6CBA747E-9CC0-4A59-B63C-A71D890002B1}.Debug|Any CPU.ActiveCfg = Debug|Any CPU
		{6CBA747E-9CC0-4A59-B63C-A71D890002B1}.Debug|Any CPU.Build.0 = Debug|Any CPU
		{6CBA747E-9CC0-4A59-B63C-A71D890002B1}.Release|Any CPU.ActiveCfg = Release|Any CPU
		{6CBA747E-9CC0-4A59-B63C-A71D890002B1}.Release|Any CPU.Build.0 = Release|Any CPU
		{854F3697-7B56-47A8-8384-76A7AC34950E}.Debug|Any CPU.ActiveCfg = Debug|Any CPU
		{854F3697-7B56-47A8-8384-76A7AC34950E}.Debug|Any CPU.Build.0 = Debug|Any CPU
		{854F3697-7B56-47A8-8384-76A7AC34950E}.Release|Any CPU.ActiveCfg = Release|Any CPU
		{854F3697-7B56-47A8-8384-76A7AC34950E}.Release|Any CPU.Build.0 = Release|Any CPU
		{5FAD5B6A-1B8F-4C45-994B-1A03204C72A7}.Debug|Any CPU.ActiveCfg = Debug|Any CPU
		{5FAD5B6A-1B8F-4C45-994B-1A03204C72A7}.Debug|Any CPU.Build.0 = Debug|Any CPU
		{5FAD5B6A-1B8F-4C45-994B-1A03204C72A7}.Release|Any CPU.ActiveCfg = Release|Any CPU
		{5FAD5B6A-1B8F-4C45-994B-1A03204C72A7}.Release|Any CPU.Build.0 = Release|Any CPU
	EndGlobalSection
	GlobalSection(SolutionProperties) = preSolution
		HideSolutionNode = FALSE
	EndGlobalSection
	GlobalSection(ExtensibilityGlobals) = postSolution
		SolutionGuid = {BADF28A9-A1EB-46C6-A15F-A3A4A3B0B0F3}
	EndGlobalSection
EndGlobal
