
Microsoft Visual Studio Solution File, Format Version 12.00
# Visual Studio Version 17
VisualStudioVersion = 17.10.35004.147
MinimumVisualStudioVersion = 10.0.40219.1
Project("{FAE04EC0-301F-11D3-BF4B-00C04F79EFBC}") = "EventHubPublisherClient", "EventHubPublisherClient\EventHubPublisherClient.csproj", "{771D5608-5253-43AA-B515-457F905EDBBC}"
EndProject
Global
	GlobalSection(SolutionConfigurationPlatforms) = preSolution
		Debug|Any CPU = Debug|Any CPU
		Release|Any CPU = Release|Any CPU
	EndGlobalSection
	GlobalSection(ProjectConfigurationPlatforms) = postSolution
		{771D5608-5253-43AA-B515-457F905EDBBC}.Debug|Any CPU.ActiveCfg = Debug|Any CPU
		{771D5608-5253-43AA-B515-457F905EDBBC}.Debug|Any CPU.Build.0 = Debug|Any CPU
		{771D5608-5253-43AA-B515-457F905EDBBC}.Release|Any CPU.ActiveCfg = Release|Any CPU
		{771D5608-5253-43AA-B515-457F905EDBBC}.Release|Any CPU.Build.0 = Release|Any CPU
	EndGlobalSection
	GlobalSection(SolutionProperties) = preSolution
		HideSolutionNode = FALSE
	EndGlobalSection
	GlobalSection(ExtensibilityGlobals) = postSolution
		SolutionGuid = {572AF2C5-1A97-4618-8A96-46DD5BC3F19D}
	EndGlobalSection
EndGlobal
